dependencies:
  idf:
    component_hash: null
    source:
      type: idf
    version: 4.4.3
  lvgl/lvgl:
    component_hash: 7b7ee85e48c2eb35bb242a8c7e0e4cd702e150541afb3f69089fb7ba81554d14
    source:
      service_url: https://api.components.espressif.com/
      type: service
    version: 8.3.0
manifest_hash: a2812f05c1456dd4158cb86e0c68ff86e1991f1fd9ca4b909c197614b0ca82b6
target: esp32s2
version: 1.0.0
