dependencies:
  espressif/esp_lcd_touch:
    component_hash: 6fd1de1f41775813d24c8c6454c4e4a88b72a8120e8ae2c1a2190d1479c7bccf
    source:
      service_url: https://api.components.espressif.com/
      type: service
    version: 1.0.2
  espressif/esp_lvgl_port:
    component_hash: 3d1c08d8f21f1aefb302a0df5628fdf037754f5af167216d7cb48a109fd64d07
    source:
      service_url: https://api.components.espressif.com/
      type: service
    version: 1.0.1
  idf:
    component_hash: null
    source:
      type: idf
    version: 4.4.3
  lvgl/lvgl:
    component_hash: 7b7ee85e48c2eb35bb242a8c7e0e4cd702e150541afb3f69089fb7ba81554d14
    source:
      service_url: https://api.components.espressif.com/
      type: service
    version: 8.3.0
manifest_hash: 10686a60353d98335fb928ea5690ba68e3f01e9833295d528674992556e2bd1f
target: esp32s2
version: 1.0.0
